
Microsoft Visual Studio Solution File, Format Version 12.00
# Visual Studio Version 16
VisualStudioVersion = 16.0.31702.278
MinimumVisualStudioVersion = 10.0.40219.1
Project("{2150E333-8FDC-42A3-9474-1A3956D46DE8}") = "Application", "Application", "{9E63EE6A-E36C-4D92-B01A-51950D09C4D5}"
EndProject
Project("{2150E333-8FDC-42A3-9474-1A3956D46DE8}") = "Domain", "Domain", "{B9D8DC52-3F91-4B37-ACC6-69502C034C85}"
EndProject
Project("{2150E333-8FDC-42A3-9474-1A3956D46DE8}") = "Infra.Data", "Infra.Data", "{DA8752F5-A128-4F99-8B0C-56C60A0330A5}"
EndProject
Project("{2150E333-8FDC-42A3-9474-1A3956D46DE8}") = "Infra.IoC", "Infra.IoC", "{92A9FC54-3E2E-4D69-80A7-B4D354A0B8CF}"
EndProject
Project("{2150E333-8FDC-42A3-9474-1A3956D46DE8}") = "Presentation", "Presentation", "{622642D8-7DC2-4110-A44B-60AB762645C9}"
EndProject
Project("{9A19103F-16F7-4668-BE54-9A1E7A4F7556}") = "CleanArch.Mvc", "CleanArch.Mvc\CleanArch.Mvc.csproj", "{0A0DA9CA-30A4-4FE0-A30A-6CB2D19A37F7}"
EndProject
Project("{9A19103F-16F7-4668-BE54-9A1E7A4F7556}") = "CleanArch.Domain", "CleanArch.Domain\CleanArch.Domain.csproj", "{391BC90A-8488-4F23-AD55-51CE6A131387}"
EndProject
Project("{9A19103F-16F7-4668-BE54-9A1E7A4F7556}") = "CleanArch.Infra.Data", "CleanArch.Infra.Data\CleanArch.Infra.Data.csproj", "{B6B99FAC-FA8B-41EF-A0EE-D3E3EB5C7AA1}"
EndProject
Project("{9A19103F-16F7-4668-BE54-9A1E7A4F7556}") = "CleanArch.Application", "CleanArch.Application\CleanArch.Application.csproj", "{A16074F6-B31A-4D78-8097-E8D38705D5D9}"
EndProject
Project("{9A19103F-16F7-4668-BE54-9A1E7A4F7556}") = "CleanArch.Infra.IoC", "CleanArch.Infra.IoC\CleanArch.Infra.IoC.csproj", "{854940AB-AC91-4FB5-BA7B-01099E4E5096}"
EndProject
Project("{2150E333-8FDC-42A3-9474-1A3956D46DE8}") = "Infra.Bus", "Infra.Bus", "{CD19C95B-D4EB-4E90-99D6-3DC9D17D4D0A}"
EndProject
Project("{2150E333-8FDC-42A3-9474-1A3956D46DE8}") = "Api", "Api", "{369669FE-3211-4F18-BB0C-592E59F3BCB5}"
EndProject
Project("{FAE04EC0-301F-11D3-BF4B-00C04F79EFBC}") = "CleanArch.Infra.Bus", "CleanArch.Infra.Bus\CleanArch.Infra.Bus.csproj", "{6964F10C-3D4C-4920-B706-789AB068C0DF}"
EndProject
Global
	GlobalSection(SolutionConfigurationPlatforms) = preSolution
		Debug|Any CPU = Debug|Any CPU
		Release|Any CPU = Release|Any CPU
	EndGlobalSection
	GlobalSection(ProjectConfigurationPlatforms) = postSolution
		{0A0DA9CA-30A4-4FE0-A30A-6CB2D19A37F7}.Debug|Any CPU.ActiveCfg = Debug|Any CPU
		{0A0DA9CA-30A4-4FE0-A30A-6CB2D19A37F7}.Debug|Any CPU.Build.0 = Debug|Any CPU
		{0A0DA9CA-30A4-4FE0-A30A-6CB2D19A37F7}.Release|Any CPU.ActiveCfg = Release|Any CPU
		{0A0DA9CA-30A4-4FE0-A30A-6CB2D19A37F7}.Release|Any CPU.Build.0 = Release|Any CPU
		{391BC90A-8488-4F23-AD55-51CE6A131387}.Debug|Any CPU.ActiveCfg = Debug|Any CPU
		{391BC90A-8488-4F23-AD55-51CE6A131387}.Debug|Any CPU.Build.0 = Debug|Any CPU
		{391BC90A-8488-4F23-AD55-51CE6A131387}.Release|Any CPU.ActiveCfg = Release|Any CPU
		{391BC90A-8488-4F23-AD55-51CE6A131387}.Release|Any CPU.Build.0 = Release|Any CPU
		{B6B99FAC-FA8B-41EF-A0EE-D3E3EB5C7AA1}.Debug|Any CPU.ActiveCfg = Debug|Any CPU
		{B6B99FAC-FA8B-41EF-A0EE-D3E3EB5C7AA1}.Debug|Any CPU.Build.0 = Debug|Any CPU
		{B6B99FAC-FA8B-41EF-A0EE-D3E3EB5C7AA1}.Release|Any CPU.ActiveCfg = Release|Any CPU
		{B6B99FAC-FA8B-41EF-A0EE-D3E3EB5C7AA1}.Release|Any CPU.Build.0 = Release|Any CPU
		{A16074F6-B31A-4D78-8097-E8D38705D5D9}.Debug|Any CPU.ActiveCfg = Debug|Any CPU
		{A16074F6-B31A-4D78-8097-E8D38705D5D9}.Debug|Any CPU.Build.0 = Debug|Any CPU
		{A16074F6-B31A-4D78-8097-E8D38705D5D9}.Release|Any CPU.ActiveCfg = Release|Any CPU
		{A16074F6-B31A-4D78-8097-E8D38705D5D9}.Release|Any CPU.Build.0 = Release|Any CPU
		{854940AB-AC91-4FB5-BA7B-01099E4E5096}.Debug|Any CPU.ActiveCfg = Debug|Any CPU
		{854940AB-AC91-4FB5-BA7B-01099E4E5096}.Debug|Any CPU.Build.0 = Debug|Any CPU
		{854940AB-AC91-4FB5-BA7B-01099E4E5096}.Release|Any CPU.ActiveCfg = Release|Any CPU
		{854940AB-AC91-4FB5-BA7B-01099E4E5096}.Release|Any CPU.Build.0 = Release|Any CPU
		{6964F10C-3D4C-4920-B706-789AB068C0DF}.Debug|Any CPU.ActiveCfg = Debug|Any CPU
		{6964F10C-3D4C-4920-B706-789AB068C0DF}.Debug|Any CPU.Build.0 = Debug|Any CPU
		{6964F10C-3D4C-4920-B706-789AB068C0DF}.Release|Any CPU.ActiveCfg = Release|Any CPU
		{6964F10C-3D4C-4920-B706-789AB068C0DF}.Release|Any CPU.Build.0 = Release|Any CPU
	EndGlobalSection
	GlobalSection(SolutionProperties) = preSolution
		HideSolutionNode = FALSE
	EndGlobalSection
	GlobalSection(NestedProjects) = preSolution
		{0A0DA9CA-30A4-4FE0-A30A-6CB2D19A37F7} = {622642D8-7DC2-4110-A44B-60AB762645C9}
		{391BC90A-8488-4F23-AD55-51CE6A131387} = {B9D8DC52-3F91-4B37-ACC6-69502C034C85}
		{B6B99FAC-FA8B-41EF-A0EE-D3E3EB5C7AA1} = {DA8752F5-A128-4F99-8B0C-56C60A0330A5}
		{A16074F6-B31A-4D78-8097-E8D38705D5D9} = {9E63EE6A-E36C-4D92-B01A-51950D09C4D5}
		{854940AB-AC91-4FB5-BA7B-01099E4E5096} = {92A9FC54-3E2E-4D69-80A7-B4D354A0B8CF}
		{6964F10C-3D4C-4920-B706-789AB068C0DF} = {CD19C95B-D4EB-4E90-99D6-3DC9D17D4D0A}
	EndGlobalSection
	GlobalSection(ExtensibilityGlobals) = postSolution
		SolutionGuid = {267C658E-34EC-4679-A910-69C289AB25F8}
	EndGlobalSection
EndGlobal
